{
  "name": "1.-about-you",
  "version": "1.0.0",
  "lockfileVersion": 2,
  "requires": true,
  "packages": {
    "": {
      "name": "1.-about-you",
      "version": "1.0.0",
      "license": "ISC",
      "dependencies": {
        "scrollnav": "^3.0.2"
      }
    },
    "node_modules/scrollnav": {
      "version": "3.0.2",
      "resolved": "https://registry.npmjs.org/scrollnav/-/scrollnav-3.0.2.tgz",
      "integrity": "sha512-4MVZ1ktXA5Bsi+tAJ4vExeI4y4h+SQG7BmpvUmg95n0bLnyNsFqJIkxHsXVou6R0HEQiCzEWKxORV7HqbY+6Vg==",
      "engines": {
        "node": ">= 10.0.0"
      }
    }
  },
  "dependencies": {
    "scrollnav": {
      "version": "3.0.2",
      "resolved": "https://registry.npmjs.org/scrollnav/-/scrollnav-3.0.2.tgz",
      "integrity": "sha512-4MVZ1ktXA5Bsi+tAJ4vExeI4y4h+SQG7BmpvUmg95n0bLnyNsFqJIkxHsXVou6R0HEQiCzEWKxORV7HqbY+6Vg=="
    }
  }
}
